
Microsoft Visual Studio Solution File, Format Version 12.00
# Visual Studio Version 16
VisualStudioVersion = 16.0.30204.135
MinimumVisualStudioVersion = 10.0.40219.1
Project("{FAE04EC0-301F-11D3-BF4B-00C04F79EFBC}") = "EndlessProxyGui", "EndlessProxyGui\EndlessProxyGui.csproj", "{EE1161C7-D0BD-49F1-8FE5-54EF59CB8AFB}"
EndProject
Project("{FAE04EC0-301F-11D3-BF4B-00C04F79EFBC}") = "EndlessProxy", "EndlessProxy\EndlessProxy.csproj", "{168FCA8D-0F10-47CC-A10B-11C565C6103F}"
EndProject
Project("{FAE04EC0-301F-11D3-BF4B-00C04F79EFBC}") = "EndlessProxyTests", "EndlessProxyTests\EndlessProxyTests.csproj", "{309287C0-DBC4-455A-8037-7DFF3E3216F7}"
EndProject
Project("{FAE04EC0-301F-11D3-BF4B-00C04F79EFBC}") = "EndlessProxyCli", "EndlessProxyCli\EndlessProxyCli.csproj", "{1790293C-F517-4803-A0C2-6DD9DB6C9B36}"
EndProject
Global
	GlobalSection(SolutionConfigurationPlatforms) = preSolution
		Debug|Any CPU = Debug|Any CPU
		Release|Any CPU = Release|Any CPU
	EndGlobalSection
	GlobalSection(ProjectConfigurationPlatforms) = postSolution
		{EE1161C7-D0BD-49F1-8FE5-54EF59CB8AFB}.Debug|Any CPU.ActiveCfg = Debug|Any CPU
		{EE1161C7-D0BD-49F1-8FE5-54EF59CB8AFB}.Debug|Any CPU.Build.0 = Debug|Any CPU
		{EE1161C7-D0BD-49F1-8FE5-54EF59CB8AFB}.Release|Any CPU.ActiveCfg = Release|Any CPU
		{EE1161C7-D0BD-49F1-8FE5-54EF59CB8AFB}.Release|Any CPU.Build.0 = Release|Any CPU
		{168FCA8D-0F10-47CC-A10B-11C565C6103F}.Debug|Any CPU.ActiveCfg = Debug|Any CPU
		{168FCA8D-0F10-47CC-A10B-11C565C6103F}.Debug|Any CPU.Build.0 = Debug|Any CPU
		{168FCA8D-0F10-47CC-A10B-11C565C6103F}.Release|Any CPU.ActiveCfg = Release|Any CPU
		{168FCA8D-0F10-47CC-A10B-11C565C6103F}.Release|Any CPU.Build.0 = Release|Any CPU
		{309287C0-DBC4-455A-8037-7DFF3E3216F7}.Debug|Any CPU.ActiveCfg = Debug|Any CPU
		{309287C0-DBC4-455A-8037-7DFF3E3216F7}.Debug|Any CPU.Build.0 = Debug|Any CPU
		{309287C0-DBC4-455A-8037-7DFF3E3216F7}.Release|Any CPU.ActiveCfg = Release|Any CPU
		{309287C0-DBC4-455A-8037-7DFF3E3216F7}.Release|Any CPU.Build.0 = Release|Any CPU
		{1790293C-F517-4803-A0C2-6DD9DB6C9B36}.Debug|Any CPU.ActiveCfg = Debug|Any CPU
		{1790293C-F517-4803-A0C2-6DD9DB6C9B36}.Debug|Any CPU.Build.0 = Debug|Any CPU
		{1790293C-F517-4803-A0C2-6DD9DB6C9B36}.Release|Any CPU.ActiveCfg = Release|Any CPU
		{1790293C-F517-4803-A0C2-6DD9DB6C9B36}.Release|Any CPU.Build.0 = Release|Any CPU
	EndGlobalSection
	GlobalSection(SolutionProperties) = preSolution
		HideSolutionNode = FALSE
	EndGlobalSection
	GlobalSection(ExtensibilityGlobals) = postSolution
		SolutionGuid = {AEE55904-8F79-4667-96A6-E1698805F7A5}
	EndGlobalSection
EndGlobal
